
Microsoft Visual Studio Solution File, Format Version 12.00
# Visual Studio 15
VisualStudioVersion = 15.0.28307.1267
MinimumVisualStudioVersion = 10.0.40219.1
Project("{FAE04EC0-301F-11D3-BF4B-00C04F79EFBC}") = "WpfApp1", "WpfApp1\WpfApp1.csproj", "{0EF38B23-5EE6-49BC-937E-BE9808445DB5}"
EndProject
Global
	GlobalSection(SolutionConfigurationPlatforms) = preSolution
		Debug|Any CPU = Debug|Any CPU
		Release|Any CPU = Release|Any CPU
	EndGlobalSection
	GlobalSection(ProjectConfigurationPlatforms) = postSolution
		{0EF38B23-5EE6-49BC-937E-BE9808445DB5}.Debug|Any CPU.ActiveCfg = Debug|Any CPU
		{0EF38B23-5EE6-49BC-937E-BE9808445DB5}.Debug|Any CPU.Build.0 = Debug|Any CPU
		{0EF38B23-5EE6-49BC-937E-BE9808445DB5}.Release|Any CPU.ActiveCfg = Release|Any CPU
		{0EF38B23-5EE6-49BC-937E-BE9808445DB5}.Release|Any CPU.Build.0 = Release|Any CPU
	EndGlobalSection
	GlobalSection(SolutionProperties) = preSolution
		HideSolutionNode = FALSE
	EndGlobalSection
	GlobalSection(ExtensibilityGlobals) = postSolution
		SolutionGuid = {E6C4E4A4-096E-4C8C-AF4A-44CE1D7C3FBB}
	EndGlobalSection
EndGlobal
